{
    "requires": true,
    "lockfileVersion": 1,
    "dependencies": {
        "use-debounce": {
            "version": "10.1.0",
            "resolved": "https://registry.npmjs.org/use-debounce/-/use-debounce-10.1.0.tgz",
            "integrity": "sha512-lu87Za35V3n/MyMoEpD5zJv0k7hCn0p+V/fK2kWD+3k2u3kOCwO593UArbczg1fhfs2rqPEnHpULJ3KmGdDzvg=="
        }
    }
}
